{
  "name": "searxng-web-fetch-mcp",
  "version": "0.1.0",
  "lockfileVersion": 3,
  "requires": true,
  "packages": {
    "": {
      "name": "searxng-web-fetch-mcp",
      "version": "0.1.0",
      "hasInstallScript": true,
      "license": "MIT",
      "bin": {
        "searxng-web-fetch-mcp": "npm/bin/searxng-web-fetch-mcp"
      },
      "engines": {
        "node": ">=16"
      }
    }
  }
}
